<?xml version="1.0" encoding="UTF-8" standalone="yes" ?>
<CodeBlocks_project_file>
	<FileVersion major="1" minor="6" />
	<Project>
		<Option title="Siyana Renderer v0.5" />
		<Option pch_mode="2" />
		<Option compiler="gcc" />
		<Option show_notes="1">
			<notes>
				<![CDATA[Optimize render core
Don't let the engine crash if there are no triangles or other memory. This happens if the user keeps traveling up and no terrain was generated.
Pass const-by-pointer in kernel instead of const-by-value
Project crashes when exited ("X") during terrain construction (any other times?)
Ray tracer - lights only give off white]]>
			</notes>
		</Option>
		<Build>
			<Target title="NVIDIA">
				<Option output="bin\Siren" prefix_auto="1" extension_auto="1" />
				<Option object_output="obj\" />
				<Option type="1" />
				<Option compiler="gcc" />
				<Compiler>
					<Add directory="C:\Program Files\NVIDIA GPU Computing Toolkit\CUDA\v5.0\include" />
				</Compiler>
				<Linker>
					<Add library="C:\Program Files\NVIDIA GPU Computing Toolkit\CUDA\v5.0\lib\Win32\OpenCL.lib" />
					<Add directory="C:\Program Files\NVIDIA GPU Computing Toolkit\CUDA\v5.0\lib\Win32" />
				</Linker>
			</Target>
			<Target title="AMD">
				<Option output="bin\Siren" prefix_auto="1" extension_auto="1" />
				<Option object_output="obj\" />
				<Option type="1" />
				<Option compiler="gcc" />
				<Compiler>
					<Add directory="C:\Program Files (x86)\AMD APP\include" />
				</Compiler>
				<Linker>
					<Add library="C:\Program Files (x86)\AMD APP\lib\x86\OpenCL.lib" />
					<Add directory="C:\Program Files (x86)\AMD APP\lib\x86" />
				</Linker>
			</Target>
		</Build>
		<Compiler>
			<Add option="-O3" />
			<Add option="-fexceptions" />
			<Add option="-DBOOST_THREAD_USE_LIB" />
			<Add option="-D_WIN32_WINNT=0x0501" />
			<Add directory="lib\freeglut\include" />
			<Add directory="lib\soil\src" />
			<Add directory="lib\rply" />
			<Add directory="src" />
			<Add directory="lib\libnoise\include" />
			<Add directory="C:\Boost" />
		</Compiler>
		<Linker>
			<Add option="-lws2_32" />
			<Add library="lib\soil\lib\libSOIL.a" />
			<Add library="opengl32" />
			<Add library="glu32" />
			<Add library="lib\freeglut\lib\libfreeglut.a" />
			<Add library="lib\libnoise\lib\libnoise.a" />
			<Add library="C:\Boost\libs\system\build\gcc-mingw-4.7.2\release\link-static\libboost_system-mgw47-1_52.a" />
			<Add library="C:\Boost\libs\thread\build\gcc-mingw-4.7.2\release\link-static\runtime-link-static\threading-multi\libboost_thread-mgw47-mt-s-1_52.a" />
			<Add directory="lib\freeglut\lib" />
			<Add directory="lib\soil\lib" />
			<Add directory="lib\libnoise\lib" />
		</Linker>
		<Unit filename="lib\rply\rply.c">
			<Option compilerVar="CC" />
		</Unit>
		<Unit filename="lib\rply\rply.h" />
		<Unit filename="src\BBox.h" />
		<Unit filename="src\BuildMesh.cpp" />
		<Unit filename="src\BuildMesh.h" />
		<Unit filename="src\BuildScene.cpp" />
		<Unit filename="src\BuildScene.h" />
		<Unit filename="src\Camera.h" />
		<Unit filename="src\DensityFunctions.cpp" />
		<Unit filename="src\DensityFunctions.h" />
		<Unit filename="src\GLUTUtilities.cpp" />
		<Unit filename="src\GLUTUtilities.h" />
		<Unit filename="src\IntersectionFunctions.h" />
		<Unit filename="src\KdTree.cpp" />
		<Unit filename="src\KdTree.h" />
		<Unit filename="src\MCLookupTables.h" />
		<Unit filename="src\MarchingCubes.cpp" />
		<Unit filename="src\MarchingCubes.h" />
		<Unit filename="src\Matrix4x4.h" />
		<Unit filename="src\OpenCLUtilities.cpp" />
		<Unit filename="src\OpenCLUtilities.h" />
		<Unit filename="src\RenderKernel.cl" />
		<Unit filename="src\Sampler.h" />
		<Unit filename="src\Texture.h" />
		<Unit filename="src\Utilities.h" />
		<Unit filename="src\floatn.h" />
		<Unit filename="src\intn.h" />
		<Unit filename="src\main.cpp" />
		<Extensions>
			<code_completion />
			<envvars />
			<debugger />
			<lib_finder disable_auto="1" />
		</Extensions>
	</Project>
</CodeBlocks_project_file>
